
Microsoft Visual Studio Solution File, Format Version 12.00
# Visual Studio 2012
Project("{FAE04EC0-301F-11D3-BF4B-00C04F79EFBC}") = "DirectObjLoader", "DirectObjLoader\DirectObjLoader.csproj", "{DB3221B7-87A0-4B7C-8F11-D8F071A90BC0}"
EndProject
Global
	GlobalSection(SolutionConfigurationPlatforms) = preSolution
		Debug|Any CPU = Debug|Any CPU
		Release|Any CPU = Release|Any CPU
	EndGlobalSection
	GlobalSection(ProjectConfigurationPlatforms) = postSolution
		{DB3221B7-87A0-4B7C-8F11-D8F071A90BC0}.Debug|Any CPU.ActiveCfg = Debug|Any CPU
		{DB3221B7-87A0-4B7C-8F11-D8F071A90BC0}.Debug|Any CPU.Build.0 = Debug|Any CPU
		{DB3221B7-87A0-4B7C-8F11-D8F071A90BC0}.Release|Any CPU.ActiveCfg = Release|Any CPU
		{DB3221B7-87A0-4B7C-8F11-D8F071A90BC0}.Release|Any CPU.Build.0 = Release|Any CPU
	EndGlobalSection
	GlobalSection(SolutionProperties) = preSolution
		HideSolutionNode = FALSE
	EndGlobalSection
EndGlobal
